{
  "object": {
    "pins": [
      {
        "package": "Alamofire",
        "repositoryURL": "https://github.com/Nikita0104117/Alamofire",
        "state": {
          "branch": null,
          "revision": "eaf6e622dd41b07b251d8f01752eab31bc811493",
          "version": "5.4.1"
        }
      },
      {
        "package": "Macaroni",
        "repositoryURL": "git@github.com:bealex/Macaroni.git",
        "state": {
          "branch": null,
          "revision": "db71f81461b1e83c81ab6acb03b4b962cd376ec7",
          "version": "2.1.1"
        }
      },
      {
        "package": "SnapKit",
        "repositoryURL": "https://github.com/SnapKit/SnapKit.git",
        "state": {
          "branch": null,
          "revision": "f222cbdf325885926566172f6f5f06af95473158",
          "version": "5.6.0"
        }
      }
    ]
  },
  "version": 1
}
